<?xml version="1.0" encoding="utf-8"?>
<Project ToolsVersion="4.0" xmlns="http://schemas.microsoft.com/developer/msbuild/2003">
  <ItemGroup>
    <Filter Include="소스 파일">
      <UniqueIdentifier>{4FC737F1-C7A5-4376-A066-2A32D752A2FF}</UniqueIdentifier>
      <Extensions>cpp;c;cc;cxx;c++;cppm;ixx;def;odl;idl;hpj;bat;asm;asmx</Extensions>
    </Filter>
    <Filter Include="헤더 파일">
      <UniqueIdentifier>{93995380-89BD-4b04-88EB-625FBE52EBFB}</UniqueIdentifier>
      <Extensions>h;hh;hpp;hxx;h++;hm;inl;inc;ipp;xsd</Extensions>
    </Filter>
    <Filter Include="리소스 파일">
      <UniqueIdentifier>{67DA6AB6-F800-4c08-8B7A-83BB121AAD01}</UniqueIdentifier>
      <Extensions>rc;ico;cur;bmp;dlg;rc2;rct;bin;rgs;gif;jpg;jpeg;jpe;resx;tiff;tif;png;wav;mfcribbon-ms</Extensions>
    </Filter>
    <Filter Include="헤더 파일\IMGUI">
      <UniqueIdentifier>{c62a6051-bcb6-4098-8b92-1a33845ff346}</UniqueIdentifier>
    </Filter>
    <Filter Include="소스 파일\IMGUI">
      <UniqueIdentifier>{6ceebfcd-db30-4778-a30c-5d945ca13cbc}</UniqueIdentifier>
    </Filter>
    <Filter Include="Shader">
      <UniqueIdentifier>{3ee83dba-e245-4a36-be79-f66bda1187f1}</UniqueIdentifier>
    </Filter>
    <Filter Include="소스 파일\Base">
      <UniqueIdentifier>{13c6be1c-bbcf-4c1f-b2f5-336b8b5b25d9}</UniqueIdentifier>
    </Filter>
    <Filter Include="소스 파일\Physics">
      <UniqueIdentifier>{8586e0d2-070d-421f-85b4-d159f34a9fa7}</UniqueIdentifier>
    </Filter>
    <Filter Include="소스 파일\Render">
      <UniqueIdentifier>{4ef3d1e3-1ead-4f3a-99ce-083bf53165a1}</UniqueIdentifier>
    </Filter>
    <Filter Include="헤더 파일\Render">
      <UniqueIdentifier>{ecc00ace-4c18-42fa-a746-f9262b4efff2}</UniqueIdentifier>
    </Filter>
    <Filter Include="소스 파일\Scenes">
      <UniqueIdentifier>{b092443f-a5a3-4b42-a7f6-077c5598217f}</UniqueIdentifier>
    </Filter>
    <Filter Include="헤더 파일\Scenes">
      <UniqueIdentifier>{7f1818e4-d513-41be-bd7c-c6c2006ab98b}</UniqueIdentifier>
    </Filter>
    <Filter Include="헤더 파일\Base">
      <UniqueIdentifier>{cf42b831-47f5-4e04-ab0c-93060d484e94}</UniqueIdentifier>
    </Filter>
    <Filter Include="헤더 파일\Physics">
      <UniqueIdentifier>{131fffb5-5d29-4f9b-8c6b-4c99be606bd3}</UniqueIdentifier>
    </Filter>
    <Filter Include="헤더 파일\System">
      <UniqueIdentifier>{ee4e35e2-e82d-4ff6-8d93-4a435211a3bb}</UniqueIdentifier>
    </Filter>
    <Filter Include="소스 파일\System">
      <UniqueIdentifier>{d9f42774-d62d-4436-89af-9ed123eb0ee8}</UniqueIdentifier>
    </Filter>
    <Filter Include="소스 파일\Object">
      <UniqueIdentifier>{35b5bc64-567a-42ff-8cc7-3a5ff30ea897}</UniqueIdentifier>
    </Filter>
    <Filter Include="헤더 파일\Object">
      <UniqueIdentifier>{05a01a54-c479-4268-bd57-4a0730ee22bb}</UniqueIdentifier>
    </Filter>
    <Filter Include="소스 파일\Command">
      <UniqueIdentifier>{0a491578-8912-4524-9175-6b4d03bba103}</UniqueIdentifier>
    </Filter>
    <Filter Include="헤더 파일\Command">
      <UniqueIdentifier>{f4a8bcee-1c79-454f-8cd2-e227fc423283}</UniqueIdentifier>
    </Filter>
    <Filter Include="소스 파일\Object\Weapon">
      <UniqueIdentifier>{4dd5898d-c96b-4169-946d-ba3eb86cf98f}</UniqueIdentifier>
    </Filter>
    <Filter Include="소스 파일\Object\Weapon\MeleeWeapon">
      <UniqueIdentifier>{8d5278b7-ceb1-4f0d-8bb7-bdf13ce55ef2}</UniqueIdentifier>
    </Filter>
    <Filter Include="헤더 파일\Object\Weapon">
      <UniqueIdentifier>{04be3a49-1c7f-4788-8714-6aafed0d6859}</UniqueIdentifier>
    </Filter>
    <Filter Include="헤더 파일\Object\Weapon\MeleeWeapon">
      <UniqueIdentifier>{f7459dc2-c8a4-4303-84ef-0b07af88b0f5}</UniqueIdentifier>
    </Filter>
    <Filter Include="소스 파일\Command\Player">
      <UniqueIdentifier>{3645e6e9-e3b0-4682-ae2b-cd08f39f9d55}</UniqueIdentifier>
    </Filter>
    <Filter Include="헤더 파일\Command\Player">
      <UniqueIdentifier>{61b16c59-de0e-404c-a27f-5243ae80e8b7}</UniqueIdentifier>
    </Filter>
    <Filter Include="소스 파일\InputHandler">
      <UniqueIdentifier>{db8c6e8e-5176-4503-94f8-bde76ce154d7}</UniqueIdentifier>
    </Filter>
    <Filter Include="헤더 파일\InputHandler">
      <UniqueIdentifier>{ee4d36fb-7073-4dfd-9d2f-123dfd494fac}</UniqueIdentifier>
    </Filter>
    <Filter Include="소스 파일\FMOD">
      <UniqueIdentifier>{c0dc88f7-df85-448f-a96f-d28bb0308966}</UniqueIdentifier>
    </Filter>
    <Filter Include="소스 파일\State">
      <UniqueIdentifier>{201f1dab-90a5-42a5-bb17-a42b3a1e0b32}</UniqueIdentifier>
    </Filter>
    <Filter Include="헤더 파일\State">
      <UniqueIdentifier>{35e04f4d-7697-44d5-ac77-e03cecb651c8}</UniqueIdentifier>
    </Filter>
    <Filter Include="소스 파일\Object\NPC">
      <UniqueIdentifier>{7dc5a59f-193b-4614-94d4-a5afe920ce9d}</UniqueIdentifier>
    </Filter>
    <Filter Include="헤더 파일\Object\NPC">
      <UniqueIdentifier>{bf9298eb-7498-4286-9514-f728ba3cc163}</UniqueIdentifier>
    </Filter>
    <Filter Include="소스 파일\Event">
      <UniqueIdentifier>{773faedf-11c9-4de8-95cc-69d804a88764}</UniqueIdentifier>
    </Filter>
    <Filter Include="헤더 파일\Event">
      <UniqueIdentifier>{4fa3938d-5146-4270-8821-cc6e2bf87964}</UniqueIdentifier>
    </Filter>
    <Filter Include="소스 파일\Object\Enemy">
      <UniqueIdentifier>{9444fd53-75e4-4ddb-a053-cdb6fdc67266}</UniqueIdentifier>
    </Filter>
    <Filter Include="헤더 파일\Object\Enemy">
      <UniqueIdentifier>{c7e3b2db-1dab-4182-a772-2c538f2fe3ca}</UniqueIdentifier>
    </Filter>
    <Filter Include="소스 파일\State\SkelDog">
      <UniqueIdentifier>{88dd37ea-d04f-4878-9389-79483caa5319}</UniqueIdentifier>
    </Filter>
    <Filter Include="소스 파일\State\BigWhiteSkel">
      <UniqueIdentifier>{9fcca321-a1eb-4a89-b7b4-b87ab22336c9}</UniqueIdentifier>
    </Filter>
    <Filter Include="헤더 파일\State\BigWhiteSkel">
      <UniqueIdentifier>{2809b0ec-5173-4fb5-be26-9599de934cc2}</UniqueIdentifier>
    </Filter>
    <Filter Include="헤더 파일\State\SkelDog">
      <UniqueIdentifier>{1f28c501-41e1-4e48-a257-1443842b75be}</UniqueIdentifier>
    </Filter>
    <Filter Include="헤더 파일\State\LittleGhost">
      <UniqueIdentifier>{dc4c609d-8acb-4124-a1f4-df4aea136b6f}</UniqueIdentifier>
    </Filter>
    <Filter Include="소스 파일\State\LittleGhost">
      <UniqueIdentifier>{8eeb7226-6899-4010-8f59-56d83becb975}</UniqueIdentifier>
    </Filter>
    <Filter Include="헤더 파일\UI">
      <UniqueIdentifier>{dbaa295d-84ed-471c-aad5-078ae217a335}</UniqueIdentifier>
    </Filter>
    <Filter Include="헤더 파일\UI\Base">
      <UniqueIdentifier>{397d7644-f80c-40f4-82ee-8afa9575cfdc}</UniqueIdentifier>
    </Filter>
    <Filter Include="헤더 파일\UI\PlayerUI">
      <UniqueIdentifier>{8eb97ad4-ff62-4629-a851-5c9dd7caf6ba}</UniqueIdentifier>
    </Filter>
    <Filter Include="소스 파일\DataBase">
      <UniqueIdentifier>{f5917990-5fc0-4681-b35d-3645f0af9346}</UniqueIdentifier>
    </Filter>
    <Filter Include="헤더 파일\DataBase">
      <UniqueIdentifier>{0f469280-82e7-419e-b5f1-cadd1441eca8}</UniqueIdentifier>
    </Filter>
    <Filter Include="소스 파일\Object\TileObject">
      <UniqueIdentifier>{246db4af-d221-493f-98f0-eea8dcc0b26a}</UniqueIdentifier>
    </Filter>
    <Filter Include="소스 파일\Base\Pool">
      <UniqueIdentifier>{9bd3dcc1-d207-414b-b082-eaad7afc1d2e}</UniqueIdentifier>
    </Filter>
    <Filter Include="헤더 파일\Object\TileObject">
      <UniqueIdentifier>{cfb03d8a-a88e-4b73-93b4-6b697b34c2c8}</UniqueIdentifier>
    </Filter>
    <Filter Include="헤더 파일\Base\Pool">
      <UniqueIdentifier>{b9a880c0-0419-46af-ad51-7d9b04dda747}</UniqueIdentifier>
    </Filter>
    <Filter Include="소스 파일\UI">
      <UniqueIdentifier>{aa119dd0-7c16-4546-84d1-a46c6e1df961}</UniqueIdentifier>
    </Filter>
    <Filter Include="소스 파일\UI\Base">
      <UniqueIdentifier>{8c297f1a-9a55-4676-a769-d496a86c2f93}</UniqueIdentifier>
    </Filter>
    <Filter Include="소스 파일\UI\PlayerUI">
      <UniqueIdentifier>{b757a52d-b61d-4428-98a6-2c713a7aa0d3}</UniqueIdentifier>
    </Filter>
    <Filter Include="소스 파일\UI\EnemyUI">
      <UniqueIdentifier>{2c3ebaf0-3644-4ee2-836f-4a5aa1364ed9}</UniqueIdentifier>
    </Filter>
  </ItemGroup>
  <ItemGroup>
    <ClInclude Include="framework.h">
      <Filter>헤더 파일</Filter>
    </ClInclude>
    <ClInclude Include="targetver.h">
      <Filter>헤더 파일</Filter>
    </ClInclude>
    <ClInclude Include="Resource.h">
      <Filter>헤더 파일</Filter>
    </ClInclude>
    <ClInclude Include="ImitationGame.h">
      <Filter>헤더 파일</Filter>
    </ClInclude>
    <ClInclude Include="..\ImGUI\imconfig.h">
      <Filter>헤더 파일\IMGUI</Filter>
    </ClInclude>
    <ClInclude Include="..\ImGUI\imgui.h">
      <Filter>헤더 파일\IMGUI</Filter>
    </ClInclude>
    <ClInclude Include="..\ImGUI\imgui_impl_dx11.h">
      <Filter>헤더 파일\IMGUI</Filter>
    </ClInclude>
    <ClInclude Include="..\ImGUI\imgui_impl_win32.h">
      <Filter>헤더 파일\IMGUI</Filter>
    </ClInclude>
    <ClInclude Include="..\ImGUI\imgui_internal.h">
      <Filter>헤더 파일\IMGUI</Filter>
    </ClInclude>
    <ClInclude Include="..\ImGUI\imstb_rectpack.h">
      <Filter>헤더 파일\IMGUI</Filter>
    </ClInclude>
    <ClInclude Include="..\ImGUI\imstb_textedit.h">
      <Filter>헤더 파일\IMGUI</Filter>
    </ClInclude>
    <ClInclude Include="..\ImGUI\imstb_truetype.h">
      <Filter>헤더 파일\IMGUI</Filter>
    </ClInclude>
    <ClInclude Include="MainWindow.h">
      <Filter>헤더 파일</Filter>
    </ClInclude>
    <ClInclude Include="..\Base\Camera.h">
      <Filter>헤더 파일\Base</Filter>
    </ClInclude>
    <ClInclude Include="..\Base\GameObject.h">
      <Filter>헤더 파일\Base</Filter>
    </ClInclude>
    <ClInclude Include="..\Base\ObjectManager.h">
      <Filter>헤더 파일\Base</Filter>
    </ClInclude>
    <ClInclude Include="..\Base\Scene.h">
      <Filter>헤더 파일\Base</Filter>
    </ClInclude>
    <ClInclude Include="..\Base\SceneManager.h">
      <Filter>헤더 파일\Base</Filter>
    </ClInclude>
    <ClInclude Include="..\Base\SRVManager.h">
      <Filter>헤더 파일\Base</Filter>
    </ClInclude>
    <ClInclude Include="..\Physics\Collider.h">
      <Filter>헤더 파일\Physics</Filter>
    </ClInclude>
    <ClInclude Include="..\Physics\clipper.hpp">
      <Filter>헤더 파일\Physics</Filter>
    </ClInclude>
    <ClInclude Include="..\System\GameTime.h">
      <Filter>헤더 파일\System</Filter>
    </ClInclude>
    <ClInclude Include="..\System\Keyboard.h">
      <Filter>헤더 파일\System</Filter>
    </ClInclude>
    <ClInclude Include="..\System\Mouse.h">
      <Filter>헤더 파일\System</Filter>
    </ClInclude>
    <ClInclude Include="..\Render\TextureShader.h">
      <Filter>헤더 파일\Render</Filter>
    </ClInclude>
    <ClInclude Include="..\Render\Texture.h">
      <Filter>헤더 파일\Render</Filter>
    </ClInclude>
    <ClInclude Include="..\Render\Graphic2D.h">
      <Filter>헤더 파일\Render</Filter>
    </ClInclude>
    <ClInclude Include="..\Render\DirectWrite.h">
      <Filter>헤더 파일\Render</Filter>
    </ClInclude>
    <ClInclude Include="..\Render\ColorShader.h">
      <Filter>헤더 파일\Render</Filter>
    </ClInclude>
    <ClInclude Include="..\Render\AnimationClip.h">
      <Filter>헤더 파일\Render</Filter>
    </ClInclude>
    <ClInclude Include="..\Render\Animation.h">
      <Filter>헤더 파일\Render</Filter>
    </ClInclude>
    <ClInclude Include="..\Scenes\Intro.h">
      <Filter>헤더 파일\Scenes</Filter>
    </ClInclude>
    <ClInclude Include="..\Object\Button.h">
      <Filter>헤더 파일\Object</Filter>
    </ClInclude>
    <ClInclude Include="..\Scenes\Town.h">
      <Filter>헤더 파일\Scenes</Filter>
    </ClInclude>
    <ClInclude Include="..\Base\UIObject.h">
      <Filter>헤더 파일\Base</Filter>
    </ClInclude>
    <ClInclude Include="..\Base\GameActor.h">
      <Filter>헤더 파일\Base</Filter>
    </ClInclude>
    <ClInclude Include="..\Command\Command.h">
      <Filter>헤더 파일\Command</Filter>
    </ClInclude>
    <ClInclude Include="..\Command\LeftMoveCommand.h">
      <Filter>헤더 파일\Command</Filter>
    </ClInclude>
    <ClInclude Include="..\Object\Player.h">
      <Filter>헤더 파일\Object</Filter>
    </ClInclude>
    <ClInclude Include="..\Command\JumpCommand.h">
      <Filter>헤더 파일\Command</Filter>
    </ClInclude>
    <ClInclude Include="..\Command\RightMoveCommand.h">
      <Filter>헤더 파일\Command</Filter>
    </ClInclude>
    <ClInclude Include="..\Command\IdleCommand.h">
      <Filter>헤더 파일\Command</Filter>
    </ClInclude>
    <ClInclude Include="..\Command\AttackCommand.h">
      <Filter>헤더 파일\Command</Filter>
    </ClInclude>
    <ClInclude Include="..\Object\Weapons\MeleeWeapons\MeleeWeapon.h">
      <Filter>헤더 파일\Object\Weapon\MeleeWeapon</Filter>
    </ClInclude>
    <ClInclude Include="..\Object\Weapons\MeleeWeapons\ShortSword.h">
      <Filter>헤더 파일\Object\Weapon\MeleeWeapon</Filter>
    </ClInclude>
    <ClInclude Include="..\Object\Weapons\Weapon.h">
      <Filter>헤더 파일\Object\Weapon</Filter>
    </ClInclude>
    <ClInclude Include="..\Object\Item.h">
      <Filter>헤더 파일\Object</Filter>
    </ClInclude>
    <ClInclude Include="..\Object\Tile.h">
      <Filter>헤더 파일\Object</Filter>
    </ClInclude>
    <ClInclude Include="..\Object\Inventory.h">
      <Filter>헤더 파일\Object</Filter>
    </ClInclude>
    <ClInclude Include="..\Object\Slot.h">
      <Filter>헤더 파일\Object</Filter>
    </ClInclude>
    <ClInclude Include="..\Command\Player\InventoryToggleCommand.h">
      <Filter>헤더 파일\Command\Player</Filter>
    </ClInclude>
    <ClInclude Include="..\Object\Line.h">
      <Filter>헤더 파일\Object</Filter>
    </ClInclude>
    <ClInclude Include="..\Scenes\S04_Extra01.h">
      <Filter>헤더 파일\Scenes</Filter>
    </ClInclude>
    <ClInclude Include="..\InputHandler\InventoryInputHandler.h">
      <Filter>헤더 파일\InputHandler</Filter>
    </ClInclude>
    <ClInclude Include="..\InputHandler\PlayerInputHandler.h">
      <Filter>헤더 파일\InputHandler</Filter>
    </ClInclude>
    <ClInclude Include="..\Command\Player\SwapHandFocusCommand.h">
      <Filter>헤더 파일\Command</Filter>
    </ClInclude>
    <ClInclude Include="..\System\Audio.h">
      <Filter>헤더 파일\System</Filter>
    </ClInclude>
    <ClInclude Include="..\FMOD\fmod.hpp">
      <Filter>소스 파일\FMOD</Filter>
    </ClInclude>
    <ClInclude Include="..\Base\Terrain.h">
      <Filter>헤더 파일\Base</Filter>
    </ClInclude>
    <ClInclude Include="..\Object\NPC\Dungeon.h">
      <Filter>헤더 파일\Object\NPC</Filter>
    </ClInclude>
    <ClInclude Include="..\Object\NPC.h">
      <Filter>헤더 파일\Object\NPC</Filter>
    </ClInclude>
    <ClInclude Include="..\Event\Event.h">
      <Filter>헤더 파일\Event</Filter>
    </ClInclude>
    <ClInclude Include="..\InputHandler\InputHandler.h">
      <Filter>헤더 파일\InputHandler</Filter>
    </ClInclude>
    <ClInclude Include="..\Scenes\Floor_1.h">
      <Filter>헤더 파일\Scenes</Filter>
    </ClInclude>
    <ClInclude Include="..\Scenes\Room.h">
      <Filter>헤더 파일\Scenes</Filter>
    </ClInclude>
    <ClInclude Include="..\Scenes\DungeonFactory.h">
      <Filter>헤더 파일\Scenes</Filter>
    </ClInclude>
    <ClInclude Include="..\Event\EnterDungeonEvent.h">
      <Filter>헤더 파일\Event</Filter>
    </ClInclude>
    <ClInclude Include="..\Object\Enemy\SkelDog.h">
      <Filter>헤더 파일\Object\Enemy</Filter>
    </ClInclude>
    <ClInclude Include="..\Object\Enemy\BigWhiteSkel.h">
      <Filter>헤더 파일\Object\Enemy</Filter>
    </ClInclude>
    <ClInclude Include="..\State\SkelDogState\JumpState.h">
      <Filter>헤더 파일\State\SkelDog</Filter>
    </ClInclude>
    <ClInclude Include="..\State\SkelDogState\RunState.h">
      <Filter>헤더 파일\State\SkelDog</Filter>
    </ClInclude>
    <ClInclude Include="..\State\SkelDogState\SkelDogState.h">
      <Filter>헤더 파일\State\SkelDog</Filter>
    </ClInclude>
    <ClInclude Include="..\State\SkelDogState\WaitState.h">
      <Filter>헤더 파일\State\SkelDog</Filter>
    </ClInclude>
    <ClInclude Include="..\State\SkelDogState\AttackState.h">
      <Filter>헤더 파일\State\SkelDog</Filter>
    </ClInclude>
    <ClInclude Include="..\State\SkelDogState\IdleState.h">
      <Filter>헤더 파일\State\SkelDog</Filter>
    </ClInclude>
    <ClInclude Include="..\State\BigWhiteSkelState\AttackStateBWS.h">
      <Filter>헤더 파일\State\BigWhiteSkel</Filter>
    </ClInclude>
    <ClInclude Include="..\State\BigWhiteSkelState\BigWhiteSkelState.h">
      <Filter>헤더 파일\State\BigWhiteSkel</Filter>
    </ClInclude>
    <ClInclude Include="..\State\BigWhiteSkelState\IdleStateBWS.h">
      <Filter>헤더 파일\State\BigWhiteSkel</Filter>
    </ClInclude>
    <ClInclude Include="..\State\BigWhiteSkelState\JumpStateBWS.h">
      <Filter>헤더 파일\State\BigWhiteSkel</Filter>
    </ClInclude>
    <ClInclude Include="..\State\BigWhiteSkelState\WaitStateBWS.h">
      <Filter>헤더 파일\State\BigWhiteSkel</Filter>
    </ClInclude>
    <ClInclude Include="..\State\BigWhiteSkelState\MoveStateBWS.h">
      <Filter>헤더 파일\State\BigWhiteSkel</Filter>
    </ClInclude>
    <ClInclude Include="..\State\LittleGhostState\MoveStateLG.h">
      <Filter>헤더 파일\State\LittleGhost</Filter>
    </ClInclude>
    <ClInclude Include="..\State\LittleGhostState\AttackStateLG.h">
      <Filter>헤더 파일\State\LittleGhost</Filter>
    </ClInclude>
    <ClInclude Include="..\State\LittleGhostState\IdleStateLG.h">
      <Filter>헤더 파일\State\LittleGhost</Filter>
    </ClInclude>
    <ClInclude Include="..\Object\Enemy\LittleGhost.h">
      <Filter>헤더 파일\Object\Enemy</Filter>
    </ClInclude>
    <ClInclude Include="..\State\LittleGhostState\LittleGhostState.h">
      <Filter>헤더 파일\State\LittleGhost</Filter>
    </ClInclude>
    <ClInclude Include="..\GameUI\BaseUI.h">
      <Filter>헤더 파일\UI\Base</Filter>
    </ClInclude>
    <ClInclude Include="..\Object\NPCPool.h">
      <Filter>헤더 파일\Object</Filter>
    </ClInclude>
    <ClInclude Include="..\Command\DashCommand.h">
      <Filter>헤더 파일\Command</Filter>
    </ClInclude>
    <ClInclude Include="..\GameUI\EnemyUI\EnemyLifeUI.h">
      <Filter>소스 파일\UI\EnemyUI</Filter>
    </ClInclude>
    <ClInclude Include="..\GameUI\PlayerUI\DashUI.h">
      <Filter>헤더 파일\UI\PlayerUI</Filter>
    </ClInclude>
    <ClInclude Include="..\GameUI\PlayerUI\EquippedWeaponUI.h">
      <Filter>헤더 파일\UI\PlayerUI</Filter>
    </ClInclude>
    <ClInclude Include="..\GameUI\PlayerUI\PlayerLifeUI.h">
      <Filter>헤더 파일\UI\PlayerUI</Filter>
    </ClInclude>
    <ClInclude Include="..\GameUI\PlayerUI\PlayerUI.h">
      <Filter>헤더 파일\UI\PlayerUI</Filter>
    </ClInclude>
    <ClInclude Include="..\Event\SwapItemEvent.h">
      <Filter>헤더 파일\Event</Filter>
    </ClInclude>
    <ClInclude Include="..\System\EventHandler.h">
      <Filter>헤더 파일\Event</Filter>
    </ClInclude>
    <ClInclude Include="..\Database\ObjectDB.h">
      <Filter>헤더 파일\DataBase</Filter>
    </ClInclude>
    <ClInclude Include="..\Object\Rect.h">
      <Filter>헤더 파일\Object</Filter>
    </ClInclude>
    <ClInclude Include="..\Scenes\S18_AStarDemo.h">
      <Filter>헤더 파일\Scenes</Filter>
    </ClInclude>
    <ClInclude Include="..\Object\AStar.h">
      <Filter>헤더 파일\Object</Filter>
    </ClInclude>
    <ClInclude Include="..\Event\RiseNextFloorEvent.h">
      <Filter>헤더 파일\Event</Filter>
    </ClInclude>
    <ClInclude Include="..\Event\MoveRoomDown.h">
      <Filter>헤더 파일\Event</Filter>
    </ClInclude>
    <ClInclude Include="..\Event\MoveRoomLeft.h">
      <Filter>헤더 파일\Event</Filter>
    </ClInclude>
    <ClInclude Include="..\Event\MoveRoomRight.h">
      <Filter>헤더 파일\Event</Filter>
    </ClInclude>
    <ClInclude Include="..\Event\MoveRoomUp.h">
      <Filter>헤더 파일\Event</Filter>
    </ClInclude>
    <ClInclude Include="..\Object\TileObject\Stele.h">
      <Filter>헤더 파일\Object\TileObject</Filter>
    </ClInclude>
    <ClInclude Include="..\Base\Pool\ObjectPool.h">
      <Filter>헤더 파일\Base\Pool</Filter>
    </ClInclude>
    <ClInclude Include="..\Base\RoomObjects.h">
      <Filter>헤더 파일\Base</Filter>
    </ClInclude>
    <ClInclude Include="..\Command\Inventory\DragAndDropCommand.h">
      <Filter>헤더 파일\Command</Filter>
    </ClInclude>
    <ClInclude Include="..\Object\NPC\Door.h">
      <Filter>헤더 파일\Object\NPC</Filter>
    </ClInclude>
    <ClInclude Include="..\Event\MonsterDieEvent.h">
      <Filter>소스 파일\Event</Filter>
    </ClInclude>
    <ClInclude Include="..\Command\UnderJumpCommand.h">
      <Filter>소스 파일\Command</Filter>
    </ClInclude>
    <ClInclude Include="..\Command\InteractionCommand.h">
      <Filter>헤더 파일\Command</Filter>
    </ClInclude>
    <ClInclude Include="..\Scenes\Floor_2.h">
      <Filter>헤더 파일\Scenes</Filter>
    </ClInclude>
  </ItemGroup>
  <ItemGroup>
    <ClCompile Include="ImitationGame.cpp">
      <Filter>소스 파일</Filter>
    </ClCompile>
    <ClCompile Include="..\ImGUI\imgui.cpp">
      <Filter>소스 파일\IMGUI</Filter>
    </ClCompile>
    <ClCompile Include="..\ImGUI\imgui_draw.cpp">
      <Filter>소스 파일\IMGUI</Filter>
    </ClCompile>
    <ClCompile Include="..\ImGUI\imgui_impl_dx11.cpp">
      <Filter>소스 파일\IMGUI</Filter>
    </ClCompile>
    <ClCompile Include="..\ImGUI\imgui_impl_win32.cpp">
      <Filter>소스 파일\IMGUI</Filter>
    </ClCompile>
    <ClCompile Include="..\ImGUI\imgui_tables.cpp">
      <Filter>소스 파일\IMGUI</Filter>
    </ClCompile>
    <ClCompile Include="..\ImGUI\imgui_widgets.cpp">
      <Filter>소스 파일\IMGUI</Filter>
    </ClCompile>
    <ClCompile Include="MainWindow.cpp">
      <Filter>소스 파일</Filter>
    </ClCompile>
    <ClCompile Include="..\Base\Camera.cpp">
      <Filter>소스 파일\Base</Filter>
    </ClCompile>
    <ClCompile Include="..\Base\GameObject.cpp">
      <Filter>소스 파일\Base</Filter>
    </ClCompile>
    <ClCompile Include="..\Base\ObjectManager.cpp">
      <Filter>소스 파일\Base</Filter>
    </ClCompile>
    <ClCompile Include="..\Base\Scene.cpp">
      <Filter>소스 파일\Base</Filter>
    </ClCompile>
    <ClCompile Include="..\Base\SceneManager.cpp">
      <Filter>소스 파일\Base</Filter>
    </ClCompile>
    <ClCompile Include="..\Base\SRVManager.cpp">
      <Filter>소스 파일\Base</Filter>
    </ClCompile>
    <ClCompile Include="..\Physics\clipper.cpp">
      <Filter>소스 파일\Physics</Filter>
    </ClCompile>
    <ClCompile Include="..\Physics\Collider.cpp">
      <Filter>소스 파일\Physics</Filter>
    </ClCompile>
    <ClCompile Include="..\System\GameTime.cpp">
      <Filter>소스 파일\System</Filter>
    </ClCompile>
    <ClCompile Include="..\System\Keyboard.cpp">
      <Filter>소스 파일\System</Filter>
    </ClCompile>
    <ClCompile Include="..\System\Mouse.cpp">
      <Filter>소스 파일\System</Filter>
    </ClCompile>
    <ClCompile Include="..\Render\TextureShader.cpp">
      <Filter>소스 파일\Render</Filter>
    </ClCompile>
    <ClCompile Include="..\Render\Animation.cpp">
      <Filter>소스 파일\Render</Filter>
    </ClCompile>
    <ClCompile Include="..\Render\AnimationClip.cpp">
      <Filter>소스 파일\Render</Filter>
    </ClCompile>
    <ClCompile Include="..\Render\ColorShader.cpp">
      <Filter>소스 파일\Render</Filter>
    </ClCompile>
    <ClCompile Include="..\Render\DirectWrite.cpp">
      <Filter>소스 파일\Render</Filter>
    </ClCompile>
    <ClCompile Include="..\Render\Graphic2D.cpp">
      <Filter>소스 파일\Render</Filter>
    </ClCompile>
    <ClCompile Include="..\Render\Texture.cpp">
      <Filter>소스 파일\Render</Filter>
    </ClCompile>
    <ClCompile Include="..\Scenes\Intro.cpp">
      <Filter>소스 파일\Scenes</Filter>
    </ClCompile>
    <ClCompile Include="..\Object\Button.cpp">
      <Filter>소스 파일\Object</Filter>
    </ClCompile>
    <ClCompile Include="..\Scenes\Town.cpp">
      <Filter>소스 파일\Scenes</Filter>
    </ClCompile>
    <ClCompile Include="..\Base\UIObject.cpp">
      <Filter>소스 파일\Base</Filter>
    </ClCompile>
    <ClCompile Include="..\Base\GameActor.cpp">
      <Filter>소스 파일\Base</Filter>
    </ClCompile>
    <ClCompile Include="..\Object\Player.cpp">
      <Filter>소스 파일\Object</Filter>
    </ClCompile>
    <ClCompile Include="..\Command\Command.cpp">
      <Filter>소스 파일\Command</Filter>
    </ClCompile>
    <ClCompile Include="..\Command\JumpCommand.cpp">
      <Filter>소스 파일\Command</Filter>
    </ClCompile>
    <ClCompile Include="..\Command\LeftMoveCommand.cpp">
      <Filter>소스 파일\Command</Filter>
    </ClCompile>
    <ClCompile Include="..\Command\RightMoveCommand.cpp">
      <Filter>소스 파일\Command</Filter>
    </ClCompile>
    <ClCompile Include="..\Command\IdleCommand.cpp">
      <Filter>소스 파일\Command</Filter>
    </ClCompile>
    <ClCompile Include="..\Command\AttackCommand.cpp">
      <Filter>소스 파일\Command</Filter>
    </ClCompile>
    <ClCompile Include="..\Object\Weapons\Weapon.cpp">
      <Filter>소스 파일\Object\Weapon</Filter>
    </ClCompile>
    <ClCompile Include="..\Object\Weapons\MeleeWeapons\MeleeWeapon.cpp">
      <Filter>소스 파일\Object\Weapon\MeleeWeapon</Filter>
    </ClCompile>
    <ClCompile Include="..\Object\Weapons\MeleeWeapons\ShortSword.cpp">
      <Filter>소스 파일\Object\Weapon\MeleeWeapon</Filter>
    </ClCompile>
    <ClCompile Include="..\Object\Item.cpp">
      <Filter>소스 파일\Object</Filter>
    </ClCompile>
    <ClCompile Include="..\Base\Terrain.cpp">
      <Filter>소스 파일\Base</Filter>
    </ClCompile>
    <ClCompile Include="..\Object\Line.cpp">
      <Filter>소스 파일\Object</Filter>
    </ClCompile>
    <ClCompile Include="..\Scenes\S04_Extra01.cpp">
      <Filter>소스 파일\Scenes</Filter>
    </ClCompile>
    <ClCompile Include="..\Command\Player\InventoryToggleCommand.cpp">
      <Filter>소스 파일\Command\Player</Filter>
    </ClCompile>
    <ClCompile Include="..\Object\Slot.cpp">
      <Filter>소스 파일\Object</Filter>
    </ClCompile>
    <ClCompile Include="..\Object\Tile.cpp">
      <Filter>소스 파일\Object</Filter>
    </ClCompile>
    <ClCompile Include="..\Object\Inventory.cpp">
      <Filter>소스 파일\Object</Filter>
    </ClCompile>
    <ClCompile Include="..\InputHandler\InventoryInputHandler.cpp">
      <Filter>소스 파일\InputHandler</Filter>
    </ClCompile>
    <ClCompile Include="..\Command\Inventory\DragAndDropCommand.cpp">
      <Filter>소스 파일\Command</Filter>
    </ClCompile>
    <ClCompile Include="..\InputHandler\PlayerInputHandler.cpp">
      <Filter>소스 파일\InputHandler</Filter>
    </ClCompile>
    <ClCompile Include="..\InputHandler\InputHandler.cpp">
      <Filter>소스 파일\InputHandler</Filter>
    </ClCompile>
    <ClCompile Include="..\Command\Player\SwapHandFocusCommand.cpp">
      <Filter>소스 파일\Command\Player</Filter>
    </ClCompile>
    <ClCompile Include="..\System\Audio.cpp">
      <Filter>소스 파일\System</Filter>
    </ClCompile>
    <ClCompile Include="..\Object\NPC\Dungeon.cpp">
      <Filter>소스 파일\Object\NPC</Filter>
    </ClCompile>
    <ClCompile Include="..\Object\NPC.cpp">
      <Filter>소스 파일\Object\NPC</Filter>
    </ClCompile>
    <ClCompile Include="..\Object\NPCPool.cpp">
      <Filter>소스 파일\Object</Filter>
    </ClCompile>
    <ClCompile Include="..\Event\Event.cpp">
      <Filter>소스 파일\Event</Filter>
    </ClCompile>
    <ClCompile Include="..\Scenes\Floor_1.cpp">
      <Filter>소스 파일\Scenes</Filter>
    </ClCompile>
    <ClCompile Include="..\Scenes\Room.cpp">
      <Filter>소스 파일\Scenes</Filter>
    </ClCompile>
    <ClCompile Include="..\Scenes\DungeonFactory.cpp">
      <Filter>소스 파일\Scenes</Filter>
    </ClCompile>
    <ClCompile Include="..\Event\EnterDungeonEvent.cpp">
      <Filter>소스 파일\Event</Filter>
    </ClCompile>
    <ClCompile Include="..\Object\Enemy\SkelDog.cpp">
      <Filter>소스 파일\Object\Enemy</Filter>
    </ClCompile>
    <ClCompile Include="..\Object\Enemy\BigWhiteSkel.cpp">
      <Filter>소스 파일\Object\Enemy</Filter>
    </ClCompile>
    <ClCompile Include="..\State\SkelDogState\AttackState.cpp">
      <Filter>소스 파일\State\SkelDog</Filter>
    </ClCompile>
    <ClCompile Include="..\State\SkelDogState\IdleState.cpp">
      <Filter>소스 파일\State\SkelDog</Filter>
    </ClCompile>
    <ClCompile Include="..\State\SkelDogState\JumpState.cpp">
      <Filter>소스 파일\State\SkelDog</Filter>
    </ClCompile>
    <ClCompile Include="..\State\SkelDogState\RunState.cpp">
      <Filter>소스 파일\State\SkelDog</Filter>
    </ClCompile>
    <ClCompile Include="..\State\SkelDogState\SkelDogState.cpp">
      <Filter>소스 파일\State\SkelDog</Filter>
    </ClCompile>
    <ClCompile Include="..\State\SkelDogState\WaitState.cpp">
      <Filter>소스 파일\State\SkelDog</Filter>
    </ClCompile>
    <ClCompile Include="..\State\BigWhiteSkelState\AttackStateBWS.cpp">
      <Filter>소스 파일\State\BigWhiteSkel</Filter>
    </ClCompile>
    <ClCompile Include="..\State\BigWhiteSkelState\IdleStateBWS.cpp">
      <Filter>소스 파일\State\BigWhiteSkel</Filter>
    </ClCompile>
    <ClCompile Include="..\State\BigWhiteSkelState\JumpStateBWS.cpp">
      <Filter>소스 파일\State\BigWhiteSkel</Filter>
    </ClCompile>
    <ClCompile Include="..\State\BigWhiteSkelState\WaitStateBWS.cpp">
      <Filter>소스 파일\State\BigWhiteSkel</Filter>
    </ClCompile>
    <ClCompile Include="..\State\BigWhiteSkelState\BigWhiteSkelState.cpp">
      <Filter>소스 파일\State\BigWhiteSkel</Filter>
    </ClCompile>
    <ClCompile Include="..\State\BigWhiteSkelState\MoveStateBWS.cpp">
      <Filter>소스 파일\State\BigWhiteSkel</Filter>
    </ClCompile>
    <ClCompile Include="..\State\LittleGhostState\AttackStateLG.cpp">
      <Filter>소스 파일\State\LittleGhost</Filter>
    </ClCompile>
    <ClCompile Include="..\State\LittleGhostState\IdleStateLG.cpp">
      <Filter>소스 파일\State\LittleGhost</Filter>
    </ClCompile>
    <ClCompile Include="..\State\LittleGhostState\MoveStateLG.cpp">
      <Filter>소스 파일\State\LittleGhost</Filter>
    </ClCompile>
    <ClCompile Include="..\Object\Enemy\LittleGhost.cpp">
      <Filter>소스 파일\Object\Enemy</Filter>
    </ClCompile>
    <ClCompile Include="..\State\LittleGhostState\LittleGhostState.cpp">
      <Filter>소스 파일\State\LittleGhost</Filter>
    </ClCompile>
    <ClCompile Include="..\GameUI\BaseUI.cpp">
      <Filter>소스 파일\UI\Base</Filter>
    </ClCompile>
    <ClCompile Include="..\GameUI\PlayerUI\DashUI.cpp">
      <Filter>소스 파일\UI\PlayerUI</Filter>
    </ClCompile>
    <ClCompile Include="..\GameUI\PlayerUI\EquippedWeaponUI.cpp">
      <Filter>소스 파일\UI\PlayerUI</Filter>
    </ClCompile>
    <ClCompile Include="..\GameUI\PlayerUI\PlayerLifeUI.cpp">
      <Filter>소스 파일\UI\PlayerUI</Filter>
    </ClCompile>
    <ClCompile Include="..\GameUI\PlayerUI\PlayerUI.cpp">
      <Filter>소스 파일\UI\PlayerUI</Filter>
    </ClCompile>
    <ClCompile Include="..\Event\SwapItemEvent.cpp">
      <Filter>소스 파일\Event</Filter>
    </ClCompile>
    <ClCompile Include="..\Command\DashCommand.cpp">
      <Filter>소스 파일\Command</Filter>
    </ClCompile>
    <ClCompile Include="..\GameUI\EnemyUI\EnemyLifeUI.cpp">
      <Filter>소스 파일\UI\EnemyUI</Filter>
    </ClCompile>
    <ClCompile Include="..\Base\RoomObjects.cpp">
      <Filter>소스 파일\Base</Filter>
    </ClCompile>
    <ClCompile Include="..\Object\NPC\Door.cpp">
      <Filter>소스 파일\Object\NPC</Filter>
    </ClCompile>
    <ClCompile Include="..\Event\RiseNextFloorEvent.cpp">
      <Filter>소스 파일\Event</Filter>
    </ClCompile>
    <ClCompile Include="..\System\EventHandler.cpp">
      <Filter>소스 파일\Event</Filter>
    </ClCompile>
    <ClCompile Include="..\Database\ObjectDB.cpp">
      <Filter>소스 파일\DataBase</Filter>
    </ClCompile>
    <ClCompile Include="..\Object\Rect.cpp">
      <Filter>소스 파일\Object</Filter>
    </ClCompile>
    <ClCompile Include="..\Scenes\S18_AStarDemo.cpp">
      <Filter>소스 파일\Scenes</Filter>
    </ClCompile>
    <ClCompile Include="..\Object\AStar.cpp">
      <Filter>소스 파일\Object</Filter>
    </ClCompile>
    <ClCompile Include="..\Object\TileObject\Stele.cpp">
      <Filter>소스 파일\Object\TileObject</Filter>
    </ClCompile>
    <ClCompile Include="..\Event\MoveRoomDown.cpp">
      <Filter>소스 파일\Event</Filter>
    </ClCompile>
    <ClCompile Include="..\Event\MoveRoomLeft.cpp">
      <Filter>소스 파일\Event</Filter>
    </ClCompile>
    <ClCompile Include="..\Event\MoveRoomRight.cpp">
      <Filter>소스 파일\Event</Filter>
    </ClCompile>
    <ClCompile Include="..\Event\MoveRoomUp.cpp">
      <Filter>소스 파일\Event</Filter>
    </ClCompile>
    <ClCompile Include="..\Base\Pool\ObjectPool.cpp">
      <Filter>소스 파일\Base\Pool</Filter>
    </ClCompile>
    <ClCompile Include="..\Event\MonsterDieEvent.cpp">
      <Filter>소스 파일\Event</Filter>
    </ClCompile>
    <ClCompile Include="..\Command\UnderJumpCommand.cpp">
      <Filter>소스 파일\Command</Filter>
    </ClCompile>
    <ClCompile Include="..\Command\InteractionCommand.cpp">
      <Filter>소스 파일\Command</Filter>
    </ClCompile>
    <ClCompile Include="..\Scenes\Floor_2.cpp">
      <Filter>소스 파일\Scenes</Filter>
    </ClCompile>
  </ItemGroup>
  <ItemGroup>
    <ResourceCompile Include="ImitationGame.rc">
      <Filter>리소스 파일</Filter>
    </ResourceCompile>
  </ItemGroup>
  <ItemGroup>
    <Image Include="small.ico">
      <Filter>리소스 파일</Filter>
    </Image>
    <Image Include="ImitationGame.ico">
      <Filter>리소스 파일</Filter>
    </Image>
  </ItemGroup>
  <ItemGroup>
    <FxCompile Include="..\Shader\Color.hlsl">
      <Filter>Shader</Filter>
    </FxCompile>
    <FxCompile Include="..\Shader\Effect.hlsl">
      <Filter>Shader</Filter>
    </FxCompile>
    <FxCompile Include="..\Shader\Texture.hlsl">
      <Filter>Shader</Filter>
    </FxCompile>
    <FxCompile Include="..\Shader\TextureColor.hlsl">
      <Filter>Shader</Filter>
    </FxCompile>
  </ItemGroup>
</Project>