<?xml version="1.0" encoding="utf-8"?>
<Project ToolsVersion="4.0" xmlns="http://schemas.microsoft.com/developer/msbuild/2003">
  <ItemGroup>
    <Filter Include="소스 파일">
      <UniqueIdentifier>{4FC737F1-C7A5-4376-A066-2A32D752A2FF}</UniqueIdentifier>
      <Extensions>cpp;c;cc;cxx;c++;cppm;ixx;def;odl;idl;hpj;bat;asm;asmx</Extensions>
    </Filter>
    <Filter Include="헤더 파일">
      <UniqueIdentifier>{93995380-89BD-4b04-88EB-625FBE52EBFB}</UniqueIdentifier>
      <Extensions>h;hh;hpp;hxx;h++;hm;inl;inc;ipp;xsd</Extensions>
    </Filter>
    <Filter Include="리소스 파일">
      <UniqueIdentifier>{67DA6AB6-F800-4c08-8B7A-83BB121AAD01}</UniqueIdentifier>
      <Extensions>rc;ico;cur;bmp;dlg;rc2;rct;bin;rgs;gif;jpg;jpeg;jpe;resx;tiff;tif;png;wav;mfcribbon-ms</Extensions>
    </Filter>
    <Filter Include="헤더 파일\IMGUI">
      <UniqueIdentifier>{c62a6051-bcb6-4098-8b92-1a33845ff346}</UniqueIdentifier>
    </Filter>
    <Filter Include="소스 파일\IMGUI">
      <UniqueIdentifier>{6ceebfcd-db30-4778-a30c-5d945ca13cbc}</UniqueIdentifier>
    </Filter>
    <Filter Include="Base">
      <UniqueIdentifier>{2c8b1e84-2ec2-440d-ad00-6d58d31bc3d5}</UniqueIdentifier>
    </Filter>
    <Filter Include="TestScene">
      <UniqueIdentifier>{e2798566-5657-47e1-a510-c121c2713954}</UniqueIdentifier>
    </Filter>
    <Filter Include="Shader">
      <UniqueIdentifier>{3ee83dba-e245-4a36-be79-f66bda1187f1}</UniqueIdentifier>
    </Filter>
    <Filter Include="Render">
      <UniqueIdentifier>{99b2fb30-4a36-40d8-a642-45eadb6c4206}</UniqueIdentifier>
    </Filter>
    <Filter Include="System">
      <UniqueIdentifier>{0a7aaea4-de34-4349-a805-3c28181eaf3f}</UniqueIdentifier>
    </Filter>
  </ItemGroup>
  <ItemGroup>
    <ClInclude Include="framework.h">
      <Filter>헤더 파일</Filter>
    </ClInclude>
    <ClInclude Include="targetver.h">
      <Filter>헤더 파일</Filter>
    </ClInclude>
    <ClInclude Include="Resource.h">
      <Filter>헤더 파일</Filter>
    </ClInclude>
    <ClInclude Include="ImitationGame.h">
      <Filter>헤더 파일</Filter>
    </ClInclude>
    <ClInclude Include="..\ImGUI\imconfig.h">
      <Filter>헤더 파일\IMGUI</Filter>
    </ClInclude>
    <ClInclude Include="..\ImGUI\imgui.h">
      <Filter>헤더 파일\IMGUI</Filter>
    </ClInclude>
    <ClInclude Include="..\ImGUI\imgui_impl_dx11.h">
      <Filter>헤더 파일\IMGUI</Filter>
    </ClInclude>
    <ClInclude Include="..\ImGUI\imgui_impl_win32.h">
      <Filter>헤더 파일\IMGUI</Filter>
    </ClInclude>
    <ClInclude Include="..\ImGUI\imgui_internal.h">
      <Filter>헤더 파일\IMGUI</Filter>
    </ClInclude>
    <ClInclude Include="..\ImGUI\imstb_rectpack.h">
      <Filter>헤더 파일\IMGUI</Filter>
    </ClInclude>
    <ClInclude Include="..\ImGUI\imstb_textedit.h">
      <Filter>헤더 파일\IMGUI</Filter>
    </ClInclude>
    <ClInclude Include="..\ImGUI\imstb_truetype.h">
      <Filter>헤더 파일\IMGUI</Filter>
    </ClInclude>
    <ClInclude Include="MainWindow.h">
      <Filter>헤더 파일</Filter>
    </ClInclude>
    <ClInclude Include="..\Base\SceneManager.h">
      <Filter>Base</Filter>
    </ClInclude>
    <ClInclude Include="..\Base\Scene.h">
      <Filter>Base</Filter>
    </ClInclude>
    <ClInclude Include="..\S01_DXLine.h">
      <Filter>TestScene</Filter>
    </ClInclude>
    <ClInclude Include="..\Base\Camera.h">
      <Filter>Base</Filter>
    </ClInclude>
    <ClInclude Include="..\Base\GameObject.h">
      <Filter>Base</Filter>
    </ClInclude>
    <ClInclude Include="..\Base\ObjectManager.h">
      <Filter>Base</Filter>
    </ClInclude>
    <ClInclude Include="..\Base\SRVManager.h">
      <Filter>Base</Filter>
    </ClInclude>
    <ClInclude Include="..\Render\Animation.h">
      <Filter>Render</Filter>
    </ClInclude>
    <ClInclude Include="..\Render\AnimationClip.h">
      <Filter>Render</Filter>
    </ClInclude>
    <ClInclude Include="..\Render\DirectWrite.h">
      <Filter>Render</Filter>
    </ClInclude>
    <ClInclude Include="..\Render\Graphic2D.h">
      <Filter>Render</Filter>
    </ClInclude>
    <ClInclude Include="..\Render\Texture.h">
      <Filter>Render</Filter>
    </ClInclude>
    <ClInclude Include="..\Render\TextureShader.h">
      <Filter>Render</Filter>
    </ClInclude>
    <ClInclude Include="..\Render\ColorShader.h">
      <Filter>Render</Filter>
    </ClInclude>
    <ClInclude Include="..\System\GameTime.h">
      <Filter>System</Filter>
    </ClInclude>
    <ClInclude Include="..\System\Keyboard.h">
      <Filter>System</Filter>
    </ClInclude>
    <ClInclude Include="..\System\Mouse.h">
      <Filter>System</Filter>
    </ClInclude>
  </ItemGroup>
  <ItemGroup>
    <ClCompile Include="ImitationGame.cpp">
      <Filter>소스 파일</Filter>
    </ClCompile>
    <ClCompile Include="..\ImGUI\imgui.cpp">
      <Filter>소스 파일\IMGUI</Filter>
    </ClCompile>
    <ClCompile Include="..\ImGUI\imgui_draw.cpp">
      <Filter>소스 파일\IMGUI</Filter>
    </ClCompile>
    <ClCompile Include="..\ImGUI\imgui_impl_dx11.cpp">
      <Filter>소스 파일\IMGUI</Filter>
    </ClCompile>
    <ClCompile Include="..\ImGUI\imgui_impl_win32.cpp">
      <Filter>소스 파일\IMGUI</Filter>
    </ClCompile>
    <ClCompile Include="..\ImGUI\imgui_tables.cpp">
      <Filter>소스 파일\IMGUI</Filter>
    </ClCompile>
    <ClCompile Include="..\ImGUI\imgui_widgets.cpp">
      <Filter>소스 파일\IMGUI</Filter>
    </ClCompile>
    <ClCompile Include="MainWindow.cpp">
      <Filter>소스 파일</Filter>
    </ClCompile>
    <ClCompile Include="..\Base\SceneManager.cpp">
      <Filter>Base</Filter>
    </ClCompile>
    <ClCompile Include="..\Base\Scene.cpp">
      <Filter>Base</Filter>
    </ClCompile>
    <ClCompile Include="..\S01_DXLine.cpp">
      <Filter>TestScene</Filter>
    </ClCompile>
    <ClCompile Include="..\Base\Camera.cpp">
      <Filter>Base</Filter>
    </ClCompile>
    <ClCompile Include="..\Base\GameObject.cpp">
      <Filter>Base</Filter>
    </ClCompile>
    <ClCompile Include="..\Base\ObjectManager.cpp">
      <Filter>Base</Filter>
    </ClCompile>
    <ClCompile Include="..\Base\SRVManager.cpp">
      <Filter>Base</Filter>
    </ClCompile>
    <ClCompile Include="..\Render\Animation.cpp">
      <Filter>Render</Filter>
    </ClCompile>
    <ClCompile Include="..\Render\AnimationClip.cpp">
      <Filter>Render</Filter>
    </ClCompile>
    <ClCompile Include="..\Render\DirectWrite.cpp">
      <Filter>Render</Filter>
    </ClCompile>
    <ClCompile Include="..\Render\Graphic2D.cpp">
      <Filter>Render</Filter>
    </ClCompile>
    <ClCompile Include="..\Render\Texture.cpp">
      <Filter>Render</Filter>
    </ClCompile>
    <ClCompile Include="..\Render\TextureShader.cpp">
      <Filter>Render</Filter>
    </ClCompile>
    <ClCompile Include="..\Render\ColorShader.cpp">
      <Filter>Render</Filter>
    </ClCompile>
    <ClCompile Include="..\System\GameTime.cpp">
      <Filter>System</Filter>
    </ClCompile>
    <ClCompile Include="..\System\Keyboard.cpp">
      <Filter>System</Filter>
    </ClCompile>
    <ClCompile Include="..\System\Mouse.cpp">
      <Filter>System</Filter>
    </ClCompile>
  </ItemGroup>
  <ItemGroup>
    <ResourceCompile Include="ImitationGame.rc">
      <Filter>리소스 파일</Filter>
    </ResourceCompile>
  </ItemGroup>
  <ItemGroup>
    <Image Include="small.ico">
      <Filter>리소스 파일</Filter>
    </Image>
    <Image Include="ImitationGame.ico">
      <Filter>리소스 파일</Filter>
    </Image>
  </ItemGroup>
  <ItemGroup>
    <FxCompile Include="..\Shader\Color.hlsl">
      <Filter>Shader</Filter>
    </FxCompile>
    <FxCompile Include="..\Shader\Effect.hlsl">
      <Filter>Shader</Filter>
    </FxCompile>
    <FxCompile Include="..\Shader\Texture.hlsl">
      <Filter>Shader</Filter>
    </FxCompile>
    <FxCompile Include="..\Shader\TextureColor.hlsl">
      <Filter>Shader</Filter>
    </FxCompile>
  </ItemGroup>
</Project>