<?xml version="1.0" encoding="utf-8"?>
<Project ToolsVersion="4.0" xmlns="http://schemas.microsoft.com/developer/msbuild/2003">
  <ItemGroup>
    <Filter Include="소스 파일">
      <UniqueIdentifier>{4FC737F1-C7A5-4376-A066-2A32D752A2FF}</UniqueIdentifier>
      <Extensions>cpp;c;cc;cxx;c++;cppm;ixx;def;odl;idl;hpj;bat;asm;asmx</Extensions>
    </Filter>
    <Filter Include="헤더 파일">
      <UniqueIdentifier>{93995380-89BD-4b04-88EB-625FBE52EBFB}</UniqueIdentifier>
      <Extensions>h;hh;hpp;hxx;h++;hm;inl;inc;ipp;xsd</Extensions>
    </Filter>
    <Filter Include="리소스 파일">
      <UniqueIdentifier>{67DA6AB6-F800-4c08-8B7A-83BB121AAD01}</UniqueIdentifier>
      <Extensions>rc;ico;cur;bmp;dlg;rc2;rct;bin;rgs;gif;jpg;jpeg;jpe;resx;tiff;tif;png;wav;mfcribbon-ms</Extensions>
    </Filter>
    <Filter Include="헤더 파일\IMGUI">
      <UniqueIdentifier>{c62a6051-bcb6-4098-8b92-1a33845ff346}</UniqueIdentifier>
    </Filter>
    <Filter Include="소스 파일\IMGUI">
      <UniqueIdentifier>{6ceebfcd-db30-4778-a30c-5d945ca13cbc}</UniqueIdentifier>
    </Filter>
    <Filter Include="Shader">
      <UniqueIdentifier>{3ee83dba-e245-4a36-be79-f66bda1187f1}</UniqueIdentifier>
    </Filter>
    <Filter Include="소스 파일\Base">
      <UniqueIdentifier>{13c6be1c-bbcf-4c1f-b2f5-336b8b5b25d9}</UniqueIdentifier>
    </Filter>
    <Filter Include="소스 파일\Physics">
      <UniqueIdentifier>{8586e0d2-070d-421f-85b4-d159f34a9fa7}</UniqueIdentifier>
    </Filter>
    <Filter Include="소스 파일\Render">
      <UniqueIdentifier>{4ef3d1e3-1ead-4f3a-99ce-083bf53165a1}</UniqueIdentifier>
    </Filter>
    <Filter Include="헤더 파일\Render">
      <UniqueIdentifier>{ecc00ace-4c18-42fa-a746-f9262b4efff2}</UniqueIdentifier>
    </Filter>
    <Filter Include="소스 파일\Scenes">
      <UniqueIdentifier>{b092443f-a5a3-4b42-a7f6-077c5598217f}</UniqueIdentifier>
    </Filter>
    <Filter Include="헤더 파일\Scenes">
      <UniqueIdentifier>{7f1818e4-d513-41be-bd7c-c6c2006ab98b}</UniqueIdentifier>
    </Filter>
    <Filter Include="헤더 파일\Base">
      <UniqueIdentifier>{cf42b831-47f5-4e04-ab0c-93060d484e94}</UniqueIdentifier>
    </Filter>
    <Filter Include="헤더 파일\Physics">
      <UniqueIdentifier>{131fffb5-5d29-4f9b-8c6b-4c99be606bd3}</UniqueIdentifier>
    </Filter>
    <Filter Include="헤더 파일\System">
      <UniqueIdentifier>{ee4e35e2-e82d-4ff6-8d93-4a435211a3bb}</UniqueIdentifier>
    </Filter>
    <Filter Include="소스 파일\System">
      <UniqueIdentifier>{d9f42774-d62d-4436-89af-9ed123eb0ee8}</UniqueIdentifier>
    </Filter>
    <Filter Include="소스 파일\Object">
      <UniqueIdentifier>{35b5bc64-567a-42ff-8cc7-3a5ff30ea897}</UniqueIdentifier>
    </Filter>
    <Filter Include="헤더 파일\Object">
      <UniqueIdentifier>{05a01a54-c479-4268-bd57-4a0730ee22bb}</UniqueIdentifier>
    </Filter>
    <Filter Include="소스 파일\Command">
      <UniqueIdentifier>{0a491578-8912-4524-9175-6b4d03bba103}</UniqueIdentifier>
    </Filter>
    <Filter Include="헤더 파일\Command">
      <UniqueIdentifier>{f4a8bcee-1c79-454f-8cd2-e227fc423283}</UniqueIdentifier>
    </Filter>
    <Filter Include="소스 파일\Object\Weapon">
      <UniqueIdentifier>{4dd5898d-c96b-4169-946d-ba3eb86cf98f}</UniqueIdentifier>
    </Filter>
    <Filter Include="소스 파일\Object\Weapon\MeleeWeapon">
      <UniqueIdentifier>{8d5278b7-ceb1-4f0d-8bb7-bdf13ce55ef2}</UniqueIdentifier>
    </Filter>
    <Filter Include="헤더 파일\Object\Weapon">
      <UniqueIdentifier>{04be3a49-1c7f-4788-8714-6aafed0d6859}</UniqueIdentifier>
    </Filter>
    <Filter Include="헤더 파일\Object\Weapon\MeleeWeapon">
      <UniqueIdentifier>{f7459dc2-c8a4-4303-84ef-0b07af88b0f5}</UniqueIdentifier>
    </Filter>
    <Filter Include="소스 파일\Command\Player">
      <UniqueIdentifier>{3645e6e9-e3b0-4682-ae2b-cd08f39f9d55}</UniqueIdentifier>
    </Filter>
    <Filter Include="헤더 파일\Command\Player">
      <UniqueIdentifier>{61b16c59-de0e-404c-a27f-5243ae80e8b7}</UniqueIdentifier>
    </Filter>
    <Filter Include="소스 파일\InputHandler">
      <UniqueIdentifier>{db8c6e8e-5176-4503-94f8-bde76ce154d7}</UniqueIdentifier>
    </Filter>
    <Filter Include="헤더 파일\InputHandler">
      <UniqueIdentifier>{ee4d36fb-7073-4dfd-9d2f-123dfd494fac}</UniqueIdentifier>
    </Filter>
    <Filter Include="소스 파일\FMOD">
      <UniqueIdentifier>{c0dc88f7-df85-448f-a96f-d28bb0308966}</UniqueIdentifier>
    </Filter>
  </ItemGroup>
  <ItemGroup>
    <ClInclude Include="framework.h">
      <Filter>헤더 파일</Filter>
    </ClInclude>
    <ClInclude Include="targetver.h">
      <Filter>헤더 파일</Filter>
    </ClInclude>
    <ClInclude Include="Resource.h">
      <Filter>헤더 파일</Filter>
    </ClInclude>
    <ClInclude Include="ImitationGame.h">
      <Filter>헤더 파일</Filter>
    </ClInclude>
    <ClInclude Include="..\ImGUI\imconfig.h">
      <Filter>헤더 파일\IMGUI</Filter>
    </ClInclude>
    <ClInclude Include="..\ImGUI\imgui.h">
      <Filter>헤더 파일\IMGUI</Filter>
    </ClInclude>
    <ClInclude Include="..\ImGUI\imgui_impl_dx11.h">
      <Filter>헤더 파일\IMGUI</Filter>
    </ClInclude>
    <ClInclude Include="..\ImGUI\imgui_impl_win32.h">
      <Filter>헤더 파일\IMGUI</Filter>
    </ClInclude>
    <ClInclude Include="..\ImGUI\imgui_internal.h">
      <Filter>헤더 파일\IMGUI</Filter>
    </ClInclude>
    <ClInclude Include="..\ImGUI\imstb_rectpack.h">
      <Filter>헤더 파일\IMGUI</Filter>
    </ClInclude>
    <ClInclude Include="..\ImGUI\imstb_textedit.h">
      <Filter>헤더 파일\IMGUI</Filter>
    </ClInclude>
    <ClInclude Include="..\ImGUI\imstb_truetype.h">
      <Filter>헤더 파일\IMGUI</Filter>
    </ClInclude>
    <ClInclude Include="MainWindow.h">
      <Filter>헤더 파일</Filter>
    </ClInclude>
    <ClInclude Include="..\Base\Camera.h">
      <Filter>헤더 파일\Base</Filter>
    </ClInclude>
    <ClInclude Include="..\Base\GameObject.h">
      <Filter>헤더 파일\Base</Filter>
    </ClInclude>
    <ClInclude Include="..\Base\ObjectManager.h">
      <Filter>헤더 파일\Base</Filter>
    </ClInclude>
    <ClInclude Include="..\Base\Scene.h">
      <Filter>헤더 파일\Base</Filter>
    </ClInclude>
    <ClInclude Include="..\Base\SceneManager.h">
      <Filter>헤더 파일\Base</Filter>
    </ClInclude>
    <ClInclude Include="..\Base\SRVManager.h">
      <Filter>헤더 파일\Base</Filter>
    </ClInclude>
    <ClInclude Include="..\Physics\Collider.h">
      <Filter>헤더 파일\Physics</Filter>
    </ClInclude>
    <ClInclude Include="..\Physics\clipper.hpp">
      <Filter>헤더 파일\Physics</Filter>
    </ClInclude>
    <ClInclude Include="..\System\GameTime.h">
      <Filter>헤더 파일\System</Filter>
    </ClInclude>
    <ClInclude Include="..\System\Keyboard.h">
      <Filter>헤더 파일\System</Filter>
    </ClInclude>
    <ClInclude Include="..\System\Mouse.h">
      <Filter>헤더 파일\System</Filter>
    </ClInclude>
    <ClInclude Include="..\Render\TextureShader.h">
      <Filter>헤더 파일\Render</Filter>
    </ClInclude>
    <ClInclude Include="..\Render\Texture.h">
      <Filter>헤더 파일\Render</Filter>
    </ClInclude>
    <ClInclude Include="..\Render\Graphic2D.h">
      <Filter>헤더 파일\Render</Filter>
    </ClInclude>
    <ClInclude Include="..\Render\DirectWrite.h">
      <Filter>헤더 파일\Render</Filter>
    </ClInclude>
    <ClInclude Include="..\Render\ColorShader.h">
      <Filter>헤더 파일\Render</Filter>
    </ClInclude>
    <ClInclude Include="..\Render\AnimationClip.h">
      <Filter>헤더 파일\Render</Filter>
    </ClInclude>
    <ClInclude Include="..\Render\Animation.h">
      <Filter>헤더 파일\Render</Filter>
    </ClInclude>
    <ClInclude Include="..\Scenes\Intro.h">
      <Filter>헤더 파일\Scenes</Filter>
    </ClInclude>
    <ClInclude Include="..\Object\Button.h">
      <Filter>헤더 파일\Object</Filter>
    </ClInclude>
    <ClInclude Include="..\Scenes\Town.h">
      <Filter>헤더 파일\Scenes</Filter>
    </ClInclude>
    <ClInclude Include="..\Base\UIObject.h">
      <Filter>헤더 파일\Base</Filter>
    </ClInclude>
    <ClInclude Include="..\Base\GameActor.h">
      <Filter>헤더 파일\Base</Filter>
    </ClInclude>
    <ClInclude Include="..\Command\Command.h">
      <Filter>헤더 파일\Command</Filter>
    </ClInclude>
    <ClInclude Include="..\Command\LeftMoveCommand.h">
      <Filter>헤더 파일\Command</Filter>
    </ClInclude>
    <ClInclude Include="..\Object\Player.h">
      <Filter>헤더 파일\Object</Filter>
    </ClInclude>
    <ClInclude Include="..\Command\JumpCommand.h">
      <Filter>헤더 파일\Command</Filter>
    </ClInclude>
    <ClInclude Include="..\Command\RightMoveCommand.h">
      <Filter>헤더 파일\Command</Filter>
    </ClInclude>
    <ClInclude Include="..\Command\IdleCommand.h">
      <Filter>헤더 파일\Command</Filter>
    </ClInclude>
    <ClInclude Include="..\Command\AttackCommand.h">
      <Filter>헤더 파일\Command</Filter>
    </ClInclude>
    <ClInclude Include="..\Object\Weapons\MeleeWeapons\MeleeWeapon.h">
      <Filter>헤더 파일\Object\Weapon\MeleeWeapon</Filter>
    </ClInclude>
    <ClInclude Include="..\Object\Weapons\MeleeWeapons\ShortSword.h">
      <Filter>헤더 파일\Object\Weapon\MeleeWeapon</Filter>
    </ClInclude>
    <ClInclude Include="..\Object\Weapons\Weapon.h">
      <Filter>헤더 파일\Object\Weapon</Filter>
    </ClInclude>
    <ClInclude Include="..\Object\Item.h">
      <Filter>헤더 파일\Object</Filter>
    </ClInclude>
    <ClInclude Include="..\Object\Tile.h">
      <Filter>헤더 파일\Object</Filter>
    </ClInclude>
    <ClInclude Include="..\Object\Inventory.h">
      <Filter>헤더 파일\Object</Filter>
    </ClInclude>
    <ClInclude Include="..\Object\Slot.h">
      <Filter>헤더 파일\Object</Filter>
    </ClInclude>
    <ClInclude Include="..\Command\Player\InventoryToggleCommand.h">
      <Filter>헤더 파일\Command\Player</Filter>
    </ClInclude>
    <ClInclude Include="..\Object\Line.h">
      <Filter>헤더 파일\Object</Filter>
    </ClInclude>
    <ClInclude Include="..\Scenes\S04_Extra01.h">
      <Filter>헤더 파일\Scenes</Filter>
    </ClInclude>
    <ClInclude Include="..\Command\Inventory\DragAndDropCommand.h">
      <Filter>소스 파일\Command</Filter>
    </ClInclude>
    <ClInclude Include="..\InputHandler\InventoryInputHandler.h">
      <Filter>헤더 파일\InputHandler</Filter>
    </ClInclude>
    <ClInclude Include="..\InputHandler\PlayerInputHandler.h">
      <Filter>헤더 파일\InputHandler</Filter>
    </ClInclude>
    <ClInclude Include="..\InputHandler\InputHandler.h">
      <Filter>소스 파일\InputHandler</Filter>
    </ClInclude>
    <ClInclude Include="..\Command\Player\SwapHandFocusCommand.h">
      <Filter>헤더 파일\Command</Filter>
    </ClInclude>
    <ClInclude Include="..\System\Audio.h">
      <Filter>헤더 파일\System</Filter>
    </ClInclude>
    <ClInclude Include="..\FMOD\fmod.hpp">
      <Filter>소스 파일\FMOD</Filter>
    </ClInclude>
    <ClInclude Include="..\Base\Terrain.h">
      <Filter>헤더 파일\Base</Filter>
    </ClInclude>
    <ClInclude Include="..\Object\NPC.h">
      <Filter>소스 파일\Object</Filter>
    </ClInclude>
  </ItemGroup>
  <ItemGroup>
    <ClCompile Include="ImitationGame.cpp">
      <Filter>소스 파일</Filter>
    </ClCompile>
    <ClCompile Include="..\ImGUI\imgui.cpp">
      <Filter>소스 파일\IMGUI</Filter>
    </ClCompile>
    <ClCompile Include="..\ImGUI\imgui_draw.cpp">
      <Filter>소스 파일\IMGUI</Filter>
    </ClCompile>
    <ClCompile Include="..\ImGUI\imgui_impl_dx11.cpp">
      <Filter>소스 파일\IMGUI</Filter>
    </ClCompile>
    <ClCompile Include="..\ImGUI\imgui_impl_win32.cpp">
      <Filter>소스 파일\IMGUI</Filter>
    </ClCompile>
    <ClCompile Include="..\ImGUI\imgui_tables.cpp">
      <Filter>소스 파일\IMGUI</Filter>
    </ClCompile>
    <ClCompile Include="..\ImGUI\imgui_widgets.cpp">
      <Filter>소스 파일\IMGUI</Filter>
    </ClCompile>
    <ClCompile Include="MainWindow.cpp">
      <Filter>소스 파일</Filter>
    </ClCompile>
    <ClCompile Include="..\Base\Camera.cpp">
      <Filter>소스 파일\Base</Filter>
    </ClCompile>
    <ClCompile Include="..\Base\GameObject.cpp">
      <Filter>소스 파일\Base</Filter>
    </ClCompile>
    <ClCompile Include="..\Base\ObjectManager.cpp">
      <Filter>소스 파일\Base</Filter>
    </ClCompile>
    <ClCompile Include="..\Base\Scene.cpp">
      <Filter>소스 파일\Base</Filter>
    </ClCompile>
    <ClCompile Include="..\Base\SceneManager.cpp">
      <Filter>소스 파일\Base</Filter>
    </ClCompile>
    <ClCompile Include="..\Base\SRVManager.cpp">
      <Filter>소스 파일\Base</Filter>
    </ClCompile>
    <ClCompile Include="..\Physics\clipper.cpp">
      <Filter>소스 파일\Physics</Filter>
    </ClCompile>
    <ClCompile Include="..\Physics\Collider.cpp">
      <Filter>소스 파일\Physics</Filter>
    </ClCompile>
    <ClCompile Include="..\System\GameTime.cpp">
      <Filter>소스 파일\System</Filter>
    </ClCompile>
    <ClCompile Include="..\System\Keyboard.cpp">
      <Filter>소스 파일\System</Filter>
    </ClCompile>
    <ClCompile Include="..\System\Mouse.cpp">
      <Filter>소스 파일\System</Filter>
    </ClCompile>
    <ClCompile Include="..\Render\TextureShader.cpp">
      <Filter>소스 파일\Render</Filter>
    </ClCompile>
    <ClCompile Include="..\Render\Animation.cpp">
      <Filter>소스 파일\Render</Filter>
    </ClCompile>
    <ClCompile Include="..\Render\AnimationClip.cpp">
      <Filter>소스 파일\Render</Filter>
    </ClCompile>
    <ClCompile Include="..\Render\ColorShader.cpp">
      <Filter>소스 파일\Render</Filter>
    </ClCompile>
    <ClCompile Include="..\Render\DirectWrite.cpp">
      <Filter>소스 파일\Render</Filter>
    </ClCompile>
    <ClCompile Include="..\Render\Graphic2D.cpp">
      <Filter>소스 파일\Render</Filter>
    </ClCompile>
    <ClCompile Include="..\Render\Texture.cpp">
      <Filter>소스 파일\Render</Filter>
    </ClCompile>
    <ClCompile Include="..\Scenes\Intro.cpp">
      <Filter>소스 파일\Scenes</Filter>
    </ClCompile>
    <ClCompile Include="..\Object\Button.cpp">
      <Filter>소스 파일\Object</Filter>
    </ClCompile>
    <ClCompile Include="..\Scenes\Town.cpp">
      <Filter>소스 파일\Scenes</Filter>
    </ClCompile>
    <ClCompile Include="..\Base\UIObject.cpp">
      <Filter>소스 파일\Base</Filter>
    </ClCompile>
    <ClCompile Include="..\Base\GameActor.cpp">
      <Filter>소스 파일\Base</Filter>
    </ClCompile>
    <ClCompile Include="..\Object\Player.cpp">
      <Filter>소스 파일\Object</Filter>
    </ClCompile>
    <ClCompile Include="..\Command\Command.cpp">
      <Filter>소스 파일\Command</Filter>
    </ClCompile>
    <ClCompile Include="..\Command\JumpCommand.cpp">
      <Filter>소스 파일\Command</Filter>
    </ClCompile>
    <ClCompile Include="..\Command\LeftMoveCommand.cpp">
      <Filter>소스 파일\Command</Filter>
    </ClCompile>
    <ClCompile Include="..\Command\RightMoveCommand.cpp">
      <Filter>소스 파일\Command</Filter>
    </ClCompile>
    <ClCompile Include="..\Command\IdleCommand.cpp">
      <Filter>소스 파일\Command</Filter>
    </ClCompile>
    <ClCompile Include="..\Command\AttackCommand.cpp">
      <Filter>소스 파일\Command</Filter>
    </ClCompile>
    <ClCompile Include="..\Object\Weapons\Weapon.cpp">
      <Filter>소스 파일\Object\Weapon</Filter>
    </ClCompile>
    <ClCompile Include="..\Object\Weapons\MeleeWeapons\MeleeWeapon.cpp">
      <Filter>소스 파일\Object\Weapon\MeleeWeapon</Filter>
    </ClCompile>
    <ClCompile Include="..\Object\Weapons\MeleeWeapons\ShortSword.cpp">
      <Filter>소스 파일\Object\Weapon\MeleeWeapon</Filter>
    </ClCompile>
    <ClCompile Include="..\Object\Item.cpp">
      <Filter>소스 파일\Object</Filter>
    </ClCompile>
    <ClCompile Include="..\Base\Terrain.cpp">
      <Filter>소스 파일\Base</Filter>
    </ClCompile>
    <ClCompile Include="..\Object\Line.cpp">
      <Filter>소스 파일\Object</Filter>
    </ClCompile>
    <ClCompile Include="..\Scenes\S04_Extra01.cpp">
      <Filter>소스 파일\Scenes</Filter>
    </ClCompile>
    <ClCompile Include="..\Command\Player\InventoryToggleCommand.cpp">
      <Filter>소스 파일\Command\Player</Filter>
    </ClCompile>
    <ClCompile Include="..\Object\Slot.cpp">
      <Filter>소스 파일\Object</Filter>
    </ClCompile>
    <ClCompile Include="..\Object\Tile.cpp">
      <Filter>소스 파일\Object</Filter>
    </ClCompile>
    <ClCompile Include="..\Object\Inventory.cpp">
      <Filter>소스 파일\Object</Filter>
    </ClCompile>
    <ClCompile Include="..\InputHandler\InventoryInputHandler.cpp">
      <Filter>소스 파일\InputHandler</Filter>
    </ClCompile>
    <ClCompile Include="..\Command\Inventory\DragAndDropCommand.cpp">
      <Filter>소스 파일\Command</Filter>
    </ClCompile>
    <ClCompile Include="..\InputHandler\PlayerInputHandler.cpp">
      <Filter>소스 파일\InputHandler</Filter>
    </ClCompile>
    <ClCompile Include="..\InputHandler\InputHandler.cpp">
      <Filter>소스 파일\InputHandler</Filter>
    </ClCompile>
    <ClCompile Include="..\Command\Player\SwapHandFocusCommand.cpp">
      <Filter>소스 파일\Command\Player</Filter>
    </ClCompile>
    <ClCompile Include="..\System\Audio.cpp">
      <Filter>소스 파일\System</Filter>
    </ClCompile>
    <ClCompile Include="..\Object\NPC.cpp">
      <Filter>소스 파일\Object</Filter>
    </ClCompile>
  </ItemGroup>
  <ItemGroup>
    <ResourceCompile Include="ImitationGame.rc">
      <Filter>리소스 파일</Filter>
    </ResourceCompile>
  </ItemGroup>
  <ItemGroup>
    <Image Include="small.ico">
      <Filter>리소스 파일</Filter>
    </Image>
    <Image Include="ImitationGame.ico">
      <Filter>리소스 파일</Filter>
    </Image>
  </ItemGroup>
  <ItemGroup>
    <FxCompile Include="..\Shader\Color.hlsl">
      <Filter>Shader</Filter>
    </FxCompile>
    <FxCompile Include="..\Shader\Effect.hlsl">
      <Filter>Shader</Filter>
    </FxCompile>
    <FxCompile Include="..\Shader\Texture.hlsl">
      <Filter>Shader</Filter>
    </FxCompile>
    <FxCompile Include="..\Shader\TextureColor.hlsl">
      <Filter>Shader</Filter>
    </FxCompile>
  </ItemGroup>
</Project>